
Microsoft Visual Studio Solution File, Format Version 12.00
# Visual Studio Version 16
VisualStudioVersion = 16.0.31005.135
MinimumVisualStudioVersion = 10.0.40219.1
Project("{FAE04EC0-301F-11D3-BF4B-00C04F79EFBC}") = "WineManager_View", "WineManager_View.csproj", "{3317E50E-8833-4BAB-A03A-80DE99DA1C57}"
	ProjectSection(ProjectDependencies) = postProject
		{A73E4EBB-D8A4-44FC-AA04-DDFFF2E7D533} = {A73E4EBB-D8A4-44FC-AA04-DDFFF2E7D533}
	EndProjectSection
EndProject
Project("{FAE04EC0-301F-11D3-BF4B-00C04F79EFBC}") = "WineManager_Library", "..\WineManager_Library\WineManager_Library.csproj", "{A73E4EBB-D8A4-44FC-AA04-DDFFF2E7D533}"
EndProject
Global
	GlobalSection(SolutionConfigurationPlatforms) = preSolution
		Debug|Any CPU = Debug|Any CPU
		Release|Any CPU = Release|Any CPU
	EndGlobalSection
	GlobalSection(ProjectConfigurationPlatforms) = postSolution
		{3317E50E-8833-4BAB-A03A-80DE99DA1C57}.Debug|Any CPU.ActiveCfg = Debug|Any CPU
		{3317E50E-8833-4BAB-A03A-80DE99DA1C57}.Debug|Any CPU.Build.0 = Debug|Any CPU
		{3317E50E-8833-4BAB-A03A-80DE99DA1C57}.Release|Any CPU.ActiveCfg = Release|Any CPU
		{3317E50E-8833-4BAB-A03A-80DE99DA1C57}.Release|Any CPU.Build.0 = Release|Any CPU
		{A73E4EBB-D8A4-44FC-AA04-DDFFF2E7D533}.Debug|Any CPU.ActiveCfg = Debug|Any CPU
		{A73E4EBB-D8A4-44FC-AA04-DDFFF2E7D533}.Debug|Any CPU.Build.0 = Debug|Any CPU
		{A73E4EBB-D8A4-44FC-AA04-DDFFF2E7D533}.Release|Any CPU.ActiveCfg = Release|Any CPU
		{A73E4EBB-D8A4-44FC-AA04-DDFFF2E7D533}.Release|Any CPU.Build.0 = Release|Any CPU
	EndGlobalSection
	GlobalSection(SolutionProperties) = preSolution
		HideSolutionNode = FALSE
	EndGlobalSection
	GlobalSection(ExtensibilityGlobals) = postSolution
		SolutionGuid = {ECFB89CF-1E8F-47D8-A4E5-8B7B81C3E95F}
	EndGlobalSection
EndGlobal
